
Microsoft Visual Studio Solution File, Format Version 12.00
# Visual Studio Version 17
VisualStudioVersion = 17.4.33205.214
MinimumVisualStudioVersion = 10.0.40219.1
Project("{FAE04EC0-301F-11D3-BF4B-00C04F79EFBC}") = "Labo5ServicesSecrets", "Labo5ServicesSecrets.csproj", "{D6A0E829-C134-4111-9924-0AC76310708C}"
EndProject
Global
	GlobalSection(SolutionConfigurationPlatforms) = preSolution
		Debug|Any CPU = Debug|Any CPU
		Release|Any CPU = Release|Any CPU
	EndGlobalSection
	GlobalSection(ProjectConfigurationPlatforms) = postSolution
		{D6A0E829-C134-4111-9924-0AC76310708C}.Debug|Any CPU.ActiveCfg = Debug|Any CPU
		{D6A0E829-C134-4111-9924-0AC76310708C}.Debug|Any CPU.Build.0 = Debug|Any CPU
		{D6A0E829-C134-4111-9924-0AC76310708C}.Release|Any CPU.ActiveCfg = Release|Any CPU
		{D6A0E829-C134-4111-9924-0AC76310708C}.Release|Any CPU.Build.0 = Release|Any CPU
	EndGlobalSection
	GlobalSection(SolutionProperties) = preSolution
		HideSolutionNode = FALSE
	EndGlobalSection
	GlobalSection(ExtensibilityGlobals) = postSolution
		SolutionGuid = {D17D8380-C93B-4208-88DA-4266C93A8BD8}
	EndGlobalSection
EndGlobal
